
Microsoft Visual Studio Solution File, Format Version 12.00
# Visual Studio Version 17
VisualStudioVersion = 17.3.32819.101
MinimumVisualStudioVersion = 10.0.40219.1
Project("{9A19103F-16F7-4668-BE54-9A1E7A4F7556}") = "Hello, SoftUni", "SoftUni all Aps  with\Hello, SoftUni.csproj", "{FCE1426E-B142-4371-B00F-BA7A281B9B4F}"
EndProject
Project("{9A19103F-16F7-4668-BE54-9A1E7A4F7556}") = "2. Числата от 1 до 10", "ConsoleApp1\2. Числата от 1 до 10.csproj", "{E13A7083-6728-4372-A9C0-74EC9B0E6F37}"
EndProject
Project("{9A19103F-16F7-4668-BE54-9A1E7A4F7556}") = "3. Пресмятане на лице на правоъгълник", "3. Пресмятане на лице на правоъгълник\3. Пресмятане на лице на правоъгълник.csproj", "{D58C5C82-EDAA-45B6-A9E9-7F14A19C2E02}"
EndProject
Project("{9A19103F-16F7-4668-BE54-9A1E7A4F7556}") = "zadacha 3", "zadacha 3\zadacha 3.csproj", "{B5E35D99-963C-468C-9F9B-34EFE40E4DB3}"
EndProject
Project("{2150E333-8FDC-42A3-9474-1A3956D46DE8}") = "First Steps In Coding - Lab", "First Steps In Coding - Lab", "{828032CB-B30B-4F19-8E81-729A3A103F0A}"
EndProject
Project("{9A19103F-16F7-4668-BE54-9A1E7A4F7556}") = "05. Greeting by Name", "05. Greeting by Name\05. Greeting by Name.csproj", "{8E3150A6-FB0D-468F-B5F2-0D23D8019A3D}"
EndProject
Project("{9A19103F-16F7-4668-BE54-9A1E7A4F7556}") = "06. Concatenate Data", "06. Concatenate Data\06. Concatenate Data.csproj", "{9F8CB497-36A3-4E6F-B6B4-412D43BF4948}"
EndProject
Project("{9A19103F-16F7-4668-BE54-9A1E7A4F7556}") = "07. Projects Creation 1", "07. Projects Creation 1\07. Projects Creation 1.csproj", "{6F3AB89C-7C5F-458E-813A-95881B050542}"
EndProject
Project("{9A19103F-16F7-4668-BE54-9A1E7A4F7556}") = "08. Pet Shop", "08. Pet Shop\08. Pet Shop.csproj", "{D1004F3E-964D-4511-A327-8643725DED26}"
EndProject
Project("{9A19103F-16F7-4668-BE54-9A1E7A4F7556}") = "09. Yard Greening", "09. Yard Greening\09. Yard Greening.csproj", "{875381AB-1049-47AC-ADFB-7C41967C3260}"
EndProject
Project("{2150E333-8FDC-42A3-9474-1A3956D46DE8}") = "First Steps In Coding - Exercise", "First Steps In Coding - Exercise", "{15B07AAE-B945-4428-8C4D-09D0F10FAC44}"
EndProject
Project("{9A19103F-16F7-4668-BE54-9A1E7A4F7556}") = "01. USD to BGN", "01. USD to BGN\01. USD to BGN.csproj", "{B9BBA50C-0B83-4BF2-BA7C-B3A004987AF8}"
EndProject
Project("{9A19103F-16F7-4668-BE54-9A1E7A4F7556}") = "02. Radians to Degrees", "02. Radians to Degrees\02. Radians to Degrees.csproj", "{DD6CF627-7AFE-4750-8679-C23C33208C11}"
EndProject
Project("{9A19103F-16F7-4668-BE54-9A1E7A4F7556}") = "03. Deposit Calculator", "03. Deposit Calculator\03. Deposit Calculator.csproj", "{B51B56C6-C7E5-488D-B52F-632432791B15}"
EndProject
Project("{9A19103F-16F7-4668-BE54-9A1E7A4F7556}") = "04. Vacation Books List", "04. Vacation Books List\04. Vacation Books List.csproj", "{52272393-07BA-4C27-8841-A85C52F135BE}"
EndProject
Project("{9A19103F-16F7-4668-BE54-9A1E7A4F7556}") = "06. Repainting", "06. Repainting\06. Repainting.csproj", "{DB90FE04-EDB1-4EDC-AC1C-B1C38681B36F}"
EndProject
Project("{9A19103F-16F7-4668-BE54-9A1E7A4F7556}") = "07. Food  Delivery", "07. Food  Delivery\07. Food  Delivery.csproj", "{8F852D6C-DE54-4348-BDC3-C122D894D4E5}"
EndProject
Project("{2150E333-8FDC-42A3-9474-1A3956D46DE8}") = "Conditional Statements - Lab", "Conditional Statements - Lab", "{EE5F6EAB-94A2-48B1-9014-1D78E53A7FCC}"
EndProject
Project("{9A19103F-16F7-4668-BE54-9A1E7A4F7556}") = "01. Excellent Result", "01. Excellent Result\01. Excellent Result.csproj", "{678FBF57-B34F-4BB5-9B85-2D8FC3FBFD29}"
EndProject
Project("{9A19103F-16F7-4668-BE54-9A1E7A4F7556}") = "02. Greater Number", "02. Greater Number\02. Greater Number.csproj", "{D0D23BBC-4593-4B8C-80B8-F428E938E759}"
EndProject
Project("{9A19103F-16F7-4668-BE54-9A1E7A4F7556}") = "03. Even or Odd", "03. Even or Odd\03. Even or Odd.csproj", "{A244B321-A3D0-4340-843D-23CB5BC7F776}"
EndProject
Project("{9A19103F-16F7-4668-BE54-9A1E7A4F7556}") = "04. Password Guess", "04. Password Guess\04. Password Guess.csproj", "{D6834075-B0A1-41E5-86E5-2706223051BD}"
EndProject
Project("{9A19103F-16F7-4668-BE54-9A1E7A4F7556}") = "05. Number 100-200", "05. Number 100-200\05. Number 100-200.csproj", "{5760AE71-1FB7-4007-B0B5-269299DDE84A}"
EndProject
Project("{9A19103F-16F7-4668-BE54-9A1E7A4F7556}") = "06. Speed Info", "06. Speed Info\06. Speed Info.csproj", "{3C3FD9AB-420D-43E6-B847-6150033C5096}"
EndProject
Project("{9A19103F-16F7-4668-BE54-9A1E7A4F7556}") = "05. Supplies for School", "112312312\05. Supplies for School.csproj", "{E0397143-A6B1-4FB5-80BF-57410BCADBE4}"
EndProject
Project("{9A19103F-16F7-4668-BE54-9A1E7A4F7556}") = "09. Fish Tank", "09. Fish Tank\09. Fish Tank.csproj", "{7D5FE7F6-57AD-4664-A36D-865F52711A4F}"
EndProject
Project("{9A19103F-16F7-4668-BE54-9A1E7A4F7556}") = "01. Sum Seconds", "Conditional Statements - Exercise\01. Sum Seconds.csproj", "{AB60A7AC-EEA0-4827-B5A8-85DD43C75BF8}"
EndProject
Project("{2150E333-8FDC-42A3-9474-1A3956D46DE8}") = "Conditional Statements - Exercise", "Conditional Statements - Exercise", "{7767B64A-9E66-4AC9-8642-AD68E9662A7A}"
EndProject
Project("{9A19103F-16F7-4668-BE54-9A1E7A4F7556}") = "02. Bonus Score", "02. Bonus Score\02. Bonus Score.csproj", "{04868D72-F713-4FFF-8D50-F9BE468C549A}"
EndProject
Project("{9A19103F-16F7-4668-BE54-9A1E7A4F7556}") = "03. Time + 15 Minutes", "03. Time + 15 Minutes\03. Time + 15 Minutes.csproj", "{D85A7B31-4B97-4EDC-9806-07190D531D1E}"
EndProject
Project("{9A19103F-16F7-4668-BE54-9A1E7A4F7556}") = "04. Toy Shop", "04. Toy Shop\04. Toy Shop.csproj", "{9763E3BF-F5FA-4C1B-8CE7-1BE3A1028121}"
EndProject
Project("{FAE04EC0-301F-11D3-BF4B-00C04F79EFBC}") = "05. Godzilla vs. Kong", "05. Godzilla vs. Kong\05. Godzilla vs. Kong.csproj", "{395777A7-50F4-4F83-85DF-1CEE3845F869}"
EndProject
Global
	GlobalSection(SolutionConfigurationPlatforms) = preSolution
		Debug|Any CPU = Debug|Any CPU
		Release|Any CPU = Release|Any CPU
	EndGlobalSection
	GlobalSection(ProjectConfigurationPlatforms) = postSolution
		{FCE1426E-B142-4371-B00F-BA7A281B9B4F}.Debug|Any CPU.ActiveCfg = Debug|Any CPU
		{FCE1426E-B142-4371-B00F-BA7A281B9B4F}.Debug|Any CPU.Build.0 = Debug|Any CPU
		{FCE1426E-B142-4371-B00F-BA7A281B9B4F}.Release|Any CPU.ActiveCfg = Release|Any CPU
		{FCE1426E-B142-4371-B00F-BA7A281B9B4F}.Release|Any CPU.Build.0 = Release|Any CPU
		{E13A7083-6728-4372-A9C0-74EC9B0E6F37}.Debug|Any CPU.ActiveCfg = Debug|Any CPU
		{E13A7083-6728-4372-A9C0-74EC9B0E6F37}.Debug|Any CPU.Build.0 = Debug|Any CPU
		{E13A7083-6728-4372-A9C0-74EC9B0E6F37}.Release|Any CPU.ActiveCfg = Release|Any CPU
		{E13A7083-6728-4372-A9C0-74EC9B0E6F37}.Release|Any CPU.Build.0 = Release|Any CPU
		{D58C5C82-EDAA-45B6-A9E9-7F14A19C2E02}.Debug|Any CPU.ActiveCfg = Debug|Any CPU
		{D58C5C82-EDAA-45B6-A9E9-7F14A19C2E02}.Debug|Any CPU.Build.0 = Debug|Any CPU
		{D58C5C82-EDAA-45B6-A9E9-7F14A19C2E02}.Release|Any CPU.ActiveCfg = Release|Any CPU
		{D58C5C82-EDAA-45B6-A9E9-7F14A19C2E02}.Release|Any CPU.Build.0 = Release|Any CPU
		{B5E35D99-963C-468C-9F9B-34EFE40E4DB3}.Debug|Any CPU.ActiveCfg = Debug|Any CPU
		{B5E35D99-963C-468C-9F9B-34EFE40E4DB3}.Debug|Any CPU.Build.0 = Debug|Any CPU
		{B5E35D99-963C-468C-9F9B-34EFE40E4DB3}.Release|Any CPU.ActiveCfg = Release|Any CPU
		{B5E35D99-963C-468C-9F9B-34EFE40E4DB3}.Release|Any CPU.Build.0 = Release|Any CPU
		{8E3150A6-FB0D-468F-B5F2-0D23D8019A3D}.Debug|Any CPU.ActiveCfg = Debug|Any CPU
		{8E3150A6-FB0D-468F-B5F2-0D23D8019A3D}.Debug|Any CPU.Build.0 = Debug|Any CPU
		{8E3150A6-FB0D-468F-B5F2-0D23D8019A3D}.Release|Any CPU.ActiveCfg = Release|Any CPU
		{8E3150A6-FB0D-468F-B5F2-0D23D8019A3D}.Release|Any CPU.Build.0 = Release|Any CPU
		{9F8CB497-36A3-4E6F-B6B4-412D43BF4948}.Debug|Any CPU.ActiveCfg = Debug|Any CPU
		{9F8CB497-36A3-4E6F-B6B4-412D43BF4948}.Debug|Any CPU.Build.0 = Debug|Any CPU
		{9F8CB497-36A3-4E6F-B6B4-412D43BF4948}.Release|Any CPU.ActiveCfg = Release|Any CPU
		{9F8CB497-36A3-4E6F-B6B4-412D43BF4948}.Release|Any CPU.Build.0 = Release|Any CPU
		{6F3AB89C-7C5F-458E-813A-95881B050542}.Debug|Any CPU.ActiveCfg = Debug|Any CPU
		{6F3AB89C-7C5F-458E-813A-95881B050542}.Debug|Any CPU.Build.0 = Debug|Any CPU
		{6F3AB89C-7C5F-458E-813A-95881B050542}.Release|Any CPU.ActiveCfg = Release|Any CPU
		{6F3AB89C-7C5F-458E-813A-95881B050542}.Release|Any CPU.Build.0 = Release|Any CPU
		{D1004F3E-964D-4511-A327-8643725DED26}.Debug|Any CPU.ActiveCfg = Debug|Any CPU
		{D1004F3E-964D-4511-A327-8643725DED26}.Debug|Any CPU.Build.0 = Debug|Any CPU
		{D1004F3E-964D-4511-A327-8643725DED26}.Release|Any CPU.ActiveCfg = Release|Any CPU
		{D1004F3E-964D-4511-A327-8643725DED26}.Release|Any CPU.Build.0 = Release|Any CPU
		{875381AB-1049-47AC-ADFB-7C41967C3260}.Debug|Any CPU.ActiveCfg = Debug|Any CPU
		{875381AB-1049-47AC-ADFB-7C41967C3260}.Debug|Any CPU.Build.0 = Debug|Any CPU
		{875381AB-1049-47AC-ADFB-7C41967C3260}.Release|Any CPU.ActiveCfg = Release|Any CPU
		{875381AB-1049-47AC-ADFB-7C41967C3260}.Release|Any CPU.Build.0 = Release|Any CPU
		{B9BBA50C-0B83-4BF2-BA7C-B3A004987AF8}.Debug|Any CPU.ActiveCfg = Debug|Any CPU
		{B9BBA50C-0B83-4BF2-BA7C-B3A004987AF8}.Debug|Any CPU.Build.0 = Debug|Any CPU
		{B9BBA50C-0B83-4BF2-BA7C-B3A004987AF8}.Release|Any CPU.ActiveCfg = Release|Any CPU
		{B9BBA50C-0B83-4BF2-BA7C-B3A004987AF8}.Release|Any CPU.Build.0 = Release|Any CPU
		{DD6CF627-7AFE-4750-8679-C23C33208C11}.Debug|Any CPU.ActiveCfg = Debug|Any CPU
		{DD6CF627-7AFE-4750-8679-C23C33208C11}.Debug|Any CPU.Build.0 = Debug|Any CPU
		{DD6CF627-7AFE-4750-8679-C23C33208C11}.Release|Any CPU.ActiveCfg = Release|Any CPU
		{DD6CF627-7AFE-4750-8679-C23C33208C11}.Release|Any CPU.Build.0 = Release|Any CPU
		{B51B56C6-C7E5-488D-B52F-632432791B15}.Debug|Any CPU.ActiveCfg = Debug|Any CPU
		{B51B56C6-C7E5-488D-B52F-632432791B15}.Debug|Any CPU.Build.0 = Debug|Any CPU
		{B51B56C6-C7E5-488D-B52F-632432791B15}.Release|Any CPU.ActiveCfg = Release|Any CPU
		{B51B56C6-C7E5-488D-B52F-632432791B15}.Release|Any CPU.Build.0 = Release|Any CPU
		{52272393-07BA-4C27-8841-A85C52F135BE}.Debug|Any CPU.ActiveCfg = Debug|Any CPU
		{52272393-07BA-4C27-8841-A85C52F135BE}.Debug|Any CPU.Build.0 = Debug|Any CPU
		{52272393-07BA-4C27-8841-A85C52F135BE}.Release|Any CPU.ActiveCfg = Release|Any CPU
		{52272393-07BA-4C27-8841-A85C52F135BE}.Release|Any CPU.Build.0 = Release|Any CPU
		{DB90FE04-EDB1-4EDC-AC1C-B1C38681B36F}.Debug|Any CPU.ActiveCfg = Debug|Any CPU
		{DB90FE04-EDB1-4EDC-AC1C-B1C38681B36F}.Debug|Any CPU.Build.0 = Debug|Any CPU
		{DB90FE04-EDB1-4EDC-AC1C-B1C38681B36F}.Release|Any CPU.ActiveCfg = Release|Any CPU
		{DB90FE04-EDB1-4EDC-AC1C-B1C38681B36F}.Release|Any CPU.Build.0 = Release|Any CPU
		{8F852D6C-DE54-4348-BDC3-C122D894D4E5}.Debug|Any CPU.ActiveCfg = Debug|Any CPU
		{8F852D6C-DE54-4348-BDC3-C122D894D4E5}.Debug|Any CPU.Build.0 = Debug|Any CPU
		{8F852D6C-DE54-4348-BDC3-C122D894D4E5}.Release|Any CPU.ActiveCfg = Release|Any CPU
		{8F852D6C-DE54-4348-BDC3-C122D894D4E5}.Release|Any CPU.Build.0 = Release|Any CPU
		{678FBF57-B34F-4BB5-9B85-2D8FC3FBFD29}.Debug|Any CPU.ActiveCfg = Debug|Any CPU
		{678FBF57-B34F-4BB5-9B85-2D8FC3FBFD29}.Debug|Any CPU.Build.0 = Debug|Any CPU
		{678FBF57-B34F-4BB5-9B85-2D8FC3FBFD29}.Release|Any CPU.ActiveCfg = Release|Any CPU
		{678FBF57-B34F-4BB5-9B85-2D8FC3FBFD29}.Release|Any CPU.Build.0 = Release|Any CPU
		{D0D23BBC-4593-4B8C-80B8-F428E938E759}.Debug|Any CPU.ActiveCfg = Debug|Any CPU
		{D0D23BBC-4593-4B8C-80B8-F428E938E759}.Debug|Any CPU.Build.0 = Debug|Any CPU
		{D0D23BBC-4593-4B8C-80B8-F428E938E759}.Release|Any CPU.ActiveCfg = Release|Any CPU
		{D0D23BBC-4593-4B8C-80B8-F428E938E759}.Release|Any CPU.Build.0 = Release|Any CPU
		{A244B321-A3D0-4340-843D-23CB5BC7F776}.Debug|Any CPU.ActiveCfg = Debug|Any CPU
		{A244B321-A3D0-4340-843D-23CB5BC7F776}.Debug|Any CPU.Build.0 = Debug|Any CPU
		{A244B321-A3D0-4340-843D-23CB5BC7F776}.Release|Any CPU.ActiveCfg = Release|Any CPU
		{A244B321-A3D0-4340-843D-23CB5BC7F776}.Release|Any CPU.Build.0 = Release|Any CPU
		{D6834075-B0A1-41E5-86E5-2706223051BD}.Debug|Any CPU.ActiveCfg = Debug|Any CPU
		{D6834075-B0A1-41E5-86E5-2706223051BD}.Debug|Any CPU.Build.0 = Debug|Any CPU
		{D6834075-B0A1-41E5-86E5-2706223051BD}.Release|Any CPU.ActiveCfg = Release|Any CPU
		{D6834075-B0A1-41E5-86E5-2706223051BD}.Release|Any CPU.Build.0 = Release|Any CPU
		{5760AE71-1FB7-4007-B0B5-269299DDE84A}.Debug|Any CPU.ActiveCfg = Debug|Any CPU
		{5760AE71-1FB7-4007-B0B5-269299DDE84A}.Debug|Any CPU.Build.0 = Debug|Any CPU
		{5760AE71-1FB7-4007-B0B5-269299DDE84A}.Release|Any CPU.ActiveCfg = Release|Any CPU
		{5760AE71-1FB7-4007-B0B5-269299DDE84A}.Release|Any CPU.Build.0 = Release|Any CPU
		{3C3FD9AB-420D-43E6-B847-6150033C5096}.Debug|Any CPU.ActiveCfg = Debug|Any CPU
		{3C3FD9AB-420D-43E6-B847-6150033C5096}.Debug|Any CPU.Build.0 = Debug|Any CPU
		{3C3FD9AB-420D-43E6-B847-6150033C5096}.Release|Any CPU.ActiveCfg = Release|Any CPU
		{3C3FD9AB-420D-43E6-B847-6150033C5096}.Release|Any CPU.Build.0 = Release|Any CPU
		{E0397143-A6B1-4FB5-80BF-57410BCADBE4}.Debug|Any CPU.ActiveCfg = Debug|Any CPU
		{E0397143-A6B1-4FB5-80BF-57410BCADBE4}.Debug|Any CPU.Build.0 = Debug|Any CPU
		{E0397143-A6B1-4FB5-80BF-57410BCADBE4}.Release|Any CPU.ActiveCfg = Release|Any CPU
		{E0397143-A6B1-4FB5-80BF-57410BCADBE4}.Release|Any CPU.Build.0 = Release|Any CPU
		{7D5FE7F6-57AD-4664-A36D-865F52711A4F}.Debug|Any CPU.ActiveCfg = Debug|Any CPU
		{7D5FE7F6-57AD-4664-A36D-865F52711A4F}.Debug|Any CPU.Build.0 = Debug|Any CPU
		{7D5FE7F6-57AD-4664-A36D-865F52711A4F}.Release|Any CPU.ActiveCfg = Release|Any CPU
		{7D5FE7F6-57AD-4664-A36D-865F52711A4F}.Release|Any CPU.Build.0 = Release|Any CPU
		{AB60A7AC-EEA0-4827-B5A8-85DD43C75BF8}.Debug|Any CPU.ActiveCfg = Debug|Any CPU
		{AB60A7AC-EEA0-4827-B5A8-85DD43C75BF8}.Debug|Any CPU.Build.0 = Debug|Any CPU
		{AB60A7AC-EEA0-4827-B5A8-85DD43C75BF8}.Release|Any CPU.ActiveCfg = Release|Any CPU
		{AB60A7AC-EEA0-4827-B5A8-85DD43C75BF8}.Release|Any CPU.Build.0 = Release|Any CPU
		{04868D72-F713-4FFF-8D50-F9BE468C549A}.Debug|Any CPU.ActiveCfg = Debug|Any CPU
		{04868D72-F713-4FFF-8D50-F9BE468C549A}.Debug|Any CPU.Build.0 = Debug|Any CPU
		{04868D72-F713-4FFF-8D50-F9BE468C549A}.Release|Any CPU.ActiveCfg = Release|Any CPU
		{04868D72-F713-4FFF-8D50-F9BE468C549A}.Release|Any CPU.Build.0 = Release|Any CPU
		{D85A7B31-4B97-4EDC-9806-07190D531D1E}.Debug|Any CPU.ActiveCfg = Debug|Any CPU
		{D85A7B31-4B97-4EDC-9806-07190D531D1E}.Debug|Any CPU.Build.0 = Debug|Any CPU
		{D85A7B31-4B97-4EDC-9806-07190D531D1E}.Release|Any CPU.ActiveCfg = Release|Any CPU
		{D85A7B31-4B97-4EDC-9806-07190D531D1E}.Release|Any CPU.Build.0 = Release|Any CPU
		{9763E3BF-F5FA-4C1B-8CE7-1BE3A1028121}.Debug|Any CPU.ActiveCfg = Debug|Any CPU
		{9763E3BF-F5FA-4C1B-8CE7-1BE3A1028121}.Debug|Any CPU.Build.0 = Debug|Any CPU
		{9763E3BF-F5FA-4C1B-8CE7-1BE3A1028121}.Release|Any CPU.ActiveCfg = Release|Any CPU
		{9763E3BF-F5FA-4C1B-8CE7-1BE3A1028121}.Release|Any CPU.Build.0 = Release|Any CPU
		{395777A7-50F4-4F83-85DF-1CEE3845F869}.Debug|Any CPU.ActiveCfg = Debug|Any CPU
		{395777A7-50F4-4F83-85DF-1CEE3845F869}.Debug|Any CPU.Build.0 = Debug|Any CPU
		{395777A7-50F4-4F83-85DF-1CEE3845F869}.Release|Any CPU.ActiveCfg = Release|Any CPU
		{395777A7-50F4-4F83-85DF-1CEE3845F869}.Release|Any CPU.Build.0 = Release|Any CPU
	EndGlobalSection
	GlobalSection(SolutionProperties) = preSolution
		HideSolutionNode = FALSE
	EndGlobalSection
	GlobalSection(NestedProjects) = preSolution
		{FCE1426E-B142-4371-B00F-BA7A281B9B4F} = {828032CB-B30B-4F19-8E81-729A3A103F0A}
		{E13A7083-6728-4372-A9C0-74EC9B0E6F37} = {828032CB-B30B-4F19-8E81-729A3A103F0A}
		{D58C5C82-EDAA-45B6-A9E9-7F14A19C2E02} = {828032CB-B30B-4F19-8E81-729A3A103F0A}
		{B5E35D99-963C-468C-9F9B-34EFE40E4DB3} = {828032CB-B30B-4F19-8E81-729A3A103F0A}
		{8E3150A6-FB0D-468F-B5F2-0D23D8019A3D} = {828032CB-B30B-4F19-8E81-729A3A103F0A}
		{9F8CB497-36A3-4E6F-B6B4-412D43BF4948} = {828032CB-B30B-4F19-8E81-729A3A103F0A}
		{6F3AB89C-7C5F-458E-813A-95881B050542} = {828032CB-B30B-4F19-8E81-729A3A103F0A}
		{D1004F3E-964D-4511-A327-8643725DED26} = {828032CB-B30B-4F19-8E81-729A3A103F0A}
		{875381AB-1049-47AC-ADFB-7C41967C3260} = {828032CB-B30B-4F19-8E81-729A3A103F0A}
		{B9BBA50C-0B83-4BF2-BA7C-B3A004987AF8} = {15B07AAE-B945-4428-8C4D-09D0F10FAC44}
		{DD6CF627-7AFE-4750-8679-C23C33208C11} = {15B07AAE-B945-4428-8C4D-09D0F10FAC44}
		{B51B56C6-C7E5-488D-B52F-632432791B15} = {15B07AAE-B945-4428-8C4D-09D0F10FAC44}
		{52272393-07BA-4C27-8841-A85C52F135BE} = {15B07AAE-B945-4428-8C4D-09D0F10FAC44}
		{DB90FE04-EDB1-4EDC-AC1C-B1C38681B36F} = {15B07AAE-B945-4428-8C4D-09D0F10FAC44}
		{8F852D6C-DE54-4348-BDC3-C122D894D4E5} = {15B07AAE-B945-4428-8C4D-09D0F10FAC44}
		{678FBF57-B34F-4BB5-9B85-2D8FC3FBFD29} = {EE5F6EAB-94A2-48B1-9014-1D78E53A7FCC}
		{D0D23BBC-4593-4B8C-80B8-F428E938E759} = {EE5F6EAB-94A2-48B1-9014-1D78E53A7FCC}
		{A244B321-A3D0-4340-843D-23CB5BC7F776} = {EE5F6EAB-94A2-48B1-9014-1D78E53A7FCC}
		{D6834075-B0A1-41E5-86E5-2706223051BD} = {EE5F6EAB-94A2-48B1-9014-1D78E53A7FCC}
		{5760AE71-1FB7-4007-B0B5-269299DDE84A} = {EE5F6EAB-94A2-48B1-9014-1D78E53A7FCC}
		{3C3FD9AB-420D-43E6-B847-6150033C5096} = {EE5F6EAB-94A2-48B1-9014-1D78E53A7FCC}
		{E0397143-A6B1-4FB5-80BF-57410BCADBE4} = {15B07AAE-B945-4428-8C4D-09D0F10FAC44}
		{7D5FE7F6-57AD-4664-A36D-865F52711A4F} = {15B07AAE-B945-4428-8C4D-09D0F10FAC44}
		{AB60A7AC-EEA0-4827-B5A8-85DD43C75BF8} = {7767B64A-9E66-4AC9-8642-AD68E9662A7A}
		{04868D72-F713-4FFF-8D50-F9BE468C549A} = {7767B64A-9E66-4AC9-8642-AD68E9662A7A}
		{D85A7B31-4B97-4EDC-9806-07190D531D1E} = {7767B64A-9E66-4AC9-8642-AD68E9662A7A}
		{9763E3BF-F5FA-4C1B-8CE7-1BE3A1028121} = {7767B64A-9E66-4AC9-8642-AD68E9662A7A}
		{395777A7-50F4-4F83-85DF-1CEE3845F869} = {7767B64A-9E66-4AC9-8642-AD68E9662A7A}
	EndGlobalSection
	GlobalSection(ExtensibilityGlobals) = postSolution
		SolutionGuid = {E4F50532-E74C-495F-90AD-4C98D3531D5B}
	EndGlobalSection
EndGlobal
